// !$*UTF8*$!
{
	archiveVersion = 1;
	classes = {
	};
	objectVersion = 56;
	objects = {

/* Begin PBXBuildFile section */
		3B877005290D870E0080768B /* LoginViewController.swift in Sources */ = {isa = PBXBuildFile; fileRef = 3B877004290D870E0080768B /* LoginViewController.swift */; };
		3B877007290D8A7C0080768B /* GoogleService-Info.plist in Resources */ = {isa = PBXBuildFile; fileRef = 3B877006290D8A7C0080768B /* GoogleService-Info.plist */; };
		3B87700A290D8BBB0080768B /* FirebaseAuth in Frameworks */ = {isa = PBXBuildFile; productRef = 3B877009290D8BBB0080768B /* FirebaseAuth */; };
		3B87700C290D8BBB0080768B /* FirebaseDatabase in Frameworks */ = {isa = PBXBuildFile; productRef = 3B87700B290D8BBB0080768B /* FirebaseDatabase */; };
		3B87700E290D8BBB0080768B /* FirebaseFirestore in Frameworks */ = {isa = PBXBuildFile; productRef = 3B87700D290D8BBB0080768B /* FirebaseFirestore */; };
		3B877010290D8BBB0080768B /* FirebaseStorage in Frameworks */ = {isa = PBXBuildFile; productRef = 3B87700F290D8BBB0080768B /* FirebaseStorage */; };
		F09FF46628FE2160006A9B78 /* Settings.storyboard in Resources */ = {isa = PBXBuildFile; fileRef = F09FF46528FE2160006A9B78 /* Settings.storyboard */; };
		F09FF46828FE24AD006A9B78 /* SettingsViewController.swift in Sources */ = {isa = PBXBuildFile; fileRef = F09FF46728FE24AD006A9B78 /* SettingsViewController.swift */; };
		F0E067AF28F9FBCF0091034E /* AppDelegate.swift in Sources */ = {isa = PBXBuildFile; fileRef = F0E067AE28F9FBCF0091034E /* AppDelegate.swift */; };
		F0E067B128F9FBCF0091034E /* SceneDelegate.swift in Sources */ = {isa = PBXBuildFile; fileRef = F0E067B028F9FBCF0091034E /* SceneDelegate.swift */; };
		F0E067B328F9FBCF0091034E /* ViewController.swift in Sources */ = {isa = PBXBuildFile; fileRef = F0E067B228F9FBCF0091034E /* ViewController.swift */; };
		F0E067B628F9FBCF0091034E /* Main.storyboard in Resources */ = {isa = PBXBuildFile; fileRef = F0E067B428F9FBCF0091034E /* Main.storyboard */; };
		F0E067B828F9FBD00091034E /* Assets.xcassets in Resources */ = {isa = PBXBuildFile; fileRef = F0E067B728F9FBD00091034E /* Assets.xcassets */; };
		F0E067BB28F9FBD00091034E /* LaunchScreen.storyboard in Resources */ = {isa = PBXBuildFile; fileRef = F0E067B928F9FBD00091034E /* LaunchScreen.storyboard */; };
/* End PBXBuildFile section */

/* Begin PBXFileReference section */
		3B877004290D870E0080768B /* LoginViewController.swift */ = {isa = PBXFileReference; lastKnownFileType = sourcecode.swift; path = LoginViewController.swift; sourceTree = "<group>"; };
		3B877006290D8A7C0080768B /* GoogleService-Info.plist */ = {isa = PBXFileReference; fileEncoding = 4; lastKnownFileType = text.plist.xml; path = "GoogleService-Info.plist"; sourceTree = "<group>"; };
		F09FF46528FE2160006A9B78 /* Settings.storyboard */ = {isa = PBXFileReference; lastKnownFileType = file.storyboard; path = Settings.storyboard; sourceTree = "<group>"; };
		F09FF46728FE24AD006A9B78 /* SettingsViewController.swift */ = {isa = PBXFileReference; lastKnownFileType = sourcecode.swift; path = SettingsViewController.swift; sourceTree = "<group>"; };
		F0E067AB28F9FBCF0091034E /* instragram-t.app */ = {isa = PBXFileReference; explicitFileType = wrapper.application; includeInIndex = 0; path = "instragram-t.app"; sourceTree = BUILT_PRODUCTS_DIR; };
		F0E067AE28F9FBCF0091034E /* AppDelegate.swift */ = {isa = PBXFileReference; lastKnownFileType = sourcecode.swift; path = AppDelegate.swift; sourceTree = "<group>"; };
		F0E067B028F9FBCF0091034E /* SceneDelegate.swift */ = {isa = PBXFileReference; lastKnownFileType = sourcecode.swift; path = SceneDelegate.swift; sourceTree = "<group>"; };
		F0E067B228F9FBCF0091034E /* ViewController.swift */ = {isa = PBXFileReference; lastKnownFileType = sourcecode.swift; path = ViewController.swift; sourceTree = "<group>"; };
		F0E067B528F9FBCF0091034E /* Base */ = {isa = PBXFileReference; lastKnownFileType = file.storyboard; name = Base; path = Base.lproj/Main.storyboard; sourceTree = "<group>"; };
		F0E067B728F9FBD00091034E /* Assets.xcassets */ = {isa = PBXFileReference; lastKnownFileType = folder.assetcatalog; path = Assets.xcassets; sourceTree = "<group>"; };
		F0E067BA28F9FBD00091034E /* Base */ = {isa = PBXFileReference; lastKnownFileType = file.storyboard; name = Base; path = Base.lproj/LaunchScreen.storyboard; sourceTree = "<group>"; };
		F0E067BC28F9FBD00091034E /* Info.plist */ = {isa = PBXFileReference; lastKnownFileType = text.plist.xml; path = Info.plist; sourceTree = "<group>"; };
/* End PBXFileReference section */

/* Begin PBXFrameworksBuildPhase section */
		F0E067A828F9FBCF0091034E /* Frameworks */ = {
			isa = PBXFrameworksBuildPhase;
			buildActionMask = 2147483647;
			files = (
				3B87700C290D8BBB0080768B /* FirebaseDatabase in Frameworks */,
				3B877010290D8BBB0080768B /* FirebaseStorage in Frameworks */,
				3B87700A290D8BBB0080768B /* FirebaseAuth in Frameworks */,
				3B87700E290D8BBB0080768B /* FirebaseFirestore in Frameworks */,
			);
			runOnlyForDeploymentPostprocessing = 0;
		};
/* End PBXFrameworksBuildPhase section */

/* Begin PBXGroup section */
		F0E067A228F9FBCF0091034E = {
			isa = PBXGroup;
			children = (
				F0E067AD28F9FBCF0091034E /* instragram-t */,
				F0E067AC28F9FBCF0091034E /* Products */,
			);
			sourceTree = "<group>";
		};
		F0E067AC28F9FBCF0091034E /* Products */ = {
			isa = PBXGroup;
			children = (
				F0E067AB28F9FBCF0091034E /* instragram-t.app */,
			);
			name = Products;
			sourceTree = "<group>";
		};
		F0E067AD28F9FBCF0091034E /* instragram-t */ = {
			isa = PBXGroup;
			children = (
				F0E067CB28F9FD080091034E /* Screens */,
				F0E067CA28F9FCF20091034E /* Model */,
				F0E067C928F9FCD60091034E /* View */,
				F0E067C828F9FCCB0091034E /* Viewmodel */,
				F0E067C628F9FC940091034E /* Resources */,
				F0E067C528F9FC8C0091034E /* Onboarding */,
				3B877006290D8A7C0080768B /* GoogleService-Info.plist */,
				F0E067BC28F9FBD00091034E /* Info.plist */,
			);
			path = "instragram-t";
			sourceTree = "<group>";
		};
		F0E067C528F9FC8C0091034E /* Onboarding */ = {
			isa = PBXGroup;
			children = (
				F0E067B928F9FBD00091034E /* LaunchScreen.storyboard */,
			);
			path = Onboarding;
			sourceTree = "<group>";
		};
		F0E067C628F9FC940091034E /* Resources */ = {
			isa = PBXGroup;
			children = (
				F0E067B728F9FBD00091034E /* Assets.xcassets */,
			);
			path = Resources;
			sourceTree = "<group>";
		};
		F0E067C828F9FCCB0091034E /* Viewmodel */ = {
			isa = PBXGroup;
			children = (
			);
			path = Viewmodel;
			sourceTree = "<group>";
		};
		F0E067C928F9FCD60091034E /* View */ = {
			isa = PBXGroup;
			children = (
				F0E067B228F9FBCF0091034E /* ViewController.swift */,
				F09FF46728FE24AD006A9B78 /* SettingsViewController.swift */,
				3B877004290D870E0080768B /* LoginViewController.swift */,
			);
			path = View;
			sourceTree = "<group>";
		};
		F0E067CA28F9FCF20091034E /* Model */ = {
			isa = PBXGroup;
			children = (
				F0E067AE28F9FBCF0091034E /* AppDelegate.swift */,
				F0E067B028F9FBCF0091034E /* SceneDelegate.swift */,
			);
			path = Model;
			sourceTree = "<group>";
		};
		F0E067CB28F9FD080091034E /* Screens */ = {
			isa = PBXGroup;
			children = (
				F0E067B428F9FBCF0091034E /* Main.storyboard */,
				F09FF46528FE2160006A9B78 /* Settings.storyboard */,
			);
			path = Screens;
			sourceTree = "<group>";
		};
/* End PBXGroup section */

/* Begin PBXNativeTarget section */
		F0E067AA28F9FBCF0091034E /* instragram-t */ = {
			isa = PBXNativeTarget;
			buildConfigurationList = F0E067BF28F9FBD00091034E /* Build configuration list for PBXNativeTarget "instragram-t" */;
			buildPhases = (
				F0E067A728F9FBCF0091034E /* Sources */,
				F0E067A828F9FBCF0091034E /* Frameworks */,
				F0E067A928F9FBCF0091034E /* Resources */,
			);
			buildRules = (
			);
			dependencies = (
			);
			name = "instragram-t";
			packageProductDependencies = (
				3B877009290D8BBB0080768B /* FirebaseAuth */,
				3B87700B290D8BBB0080768B /* FirebaseDatabase */,
				3B87700D290D8BBB0080768B /* FirebaseFirestore */,
				3B87700F290D8BBB0080768B /* FirebaseStorage */,
			);
			productName = "instragram-t";
			productReference = F0E067AB28F9FBCF0091034E /* instragram-t.app */;
			productType = "com.apple.product-type.application";
		};
/* End PBXNativeTarget section */

/* Begin PBXProject section */
		F0E067A328F9FBCF0091034E /* Project object */ = {
			isa = PBXProject;
			attributes = {
				BuildIndependentTargetsInParallel = 1;
				LastSwiftUpdateCheck = 1400;
				LastUpgradeCheck = 1400;
				TargetAttributes = {
					F0E067AA28F9FBCF0091034E = {
						CreatedOnToolsVersion = 14.0.1;
					};
				};
			};
			buildConfigurationList = F0E067A628F9FBCF0091034E /* Build configuration list for PBXProject "instragram-t" */;
			compatibilityVersion = "Xcode 14.0";
			developmentRegion = en;
			hasScannedForEncodings = 0;
			knownRegions = (
				en,
				Base,
			);
			mainGroup = F0E067A228F9FBCF0091034E;
			packageReferences = (
				3B877008290D8BBB0080768B /* XCRemoteSwiftPackageReference "firebase-ios-sdk" */,
			);
			productRefGroup = F0E067AC28F9FBCF0091034E /* Products */;
			projectDirPath = "";
			projectRoot = "";
			targets = (
				F0E067AA28F9FBCF0091034E /* instragram-t */,
			);
		};
/* End PBXProject section */

/* Begin PBXResourcesBuildPhase section */
		F0E067A928F9FBCF0091034E /* Resources */ = {
			isa = PBXResourcesBuildPhase;
			buildActionMask = 2147483647;
			files = (
				F0E067BB28F9FBD00091034E /* LaunchScreen.storyboard in Resources */,
				F0E067B828F9FBD00091034E /* Assets.xcassets in Resources */,
				3B877007290D8A7C0080768B /* GoogleService-Info.plist in Resources */,
				F0E067B628F9FBCF0091034E /* Main.storyboard in Resources */,
				F09FF46628FE2160006A9B78 /* Settings.storyboard in Resources */,
			);
			runOnlyForDeploymentPostprocessing = 0;
		};
/* End PBXResourcesBuildPhase section */

/* Begin PBXSourcesBuildPhase section */
		F0E067A728F9FBCF0091034E /* Sources */ = {
			isa = PBXSourcesBuildPhase;
			buildActionMask = 2147483647;
			files = (
				F0E067B328F9FBCF0091034E /* ViewController.swift in Sources */,
				F0E067AF28F9FBCF0091034E /* AppDelegate.swift in Sources */,
				F0E067B128F9FBCF0091034E /* SceneDelegate.swift in Sources */,
				3B877005290D870E0080768B /* LoginViewController.swift in Sources */,
				F09FF46828FE24AD006A9B78 /* SettingsViewController.swift in Sources */,
			);
			runOnlyForDeploymentPostprocessing = 0;
		};
/* End PBXSourcesBuildPhase section */

/* Begin PBXVariantGroup section */
		F0E067B428F9FBCF0091034E /* Main.storyboard */ = {
			isa = PBXVariantGroup;
			children = (
				F0E067B528F9FBCF0091034E /* Base */,
			);
			name = Main.storyboard;
			sourceTree = "<group>";
		};
		F0E067B928F9FBD00091034E /* LaunchScreen.storyboard */ = {
			isa = PBXVariantGroup;
			children = (
				F0E067BA28F9FBD00091034E /* Base */,
			);
			name = LaunchScreen.storyboard;
			sourceTree = "<group>";
		};
/* End PBXVariantGroup section */

/* Begin XCBuildConfiguration section */
		F0E067BD28F9FBD00091034E /* Debug */ = {
			isa = XCBuildConfiguration;
			buildSettings = {
				ALWAYS_SEARCH_USER_PATHS = NO;
				CLANG_ANALYZER_NONNULL = YES;
				CLANG_ANALYZER_NUMBER_OBJECT_CONVERSION = YES_AGGRESSIVE;
				CLANG_CXX_LANGUAGE_STANDARD = "gnu++20";
				CLANG_ENABLE_MODULES = YES;
				CLANG_ENABLE_OBJC_ARC = YES;
				CLANG_ENABLE_OBJC_WEAK = YES;
				CLANG_WARN_BLOCK_CAPTURE_AUTORELEASING = YES;
				CLANG_WARN_BOOL_CONVERSION = YES;
				CLANG_WARN_COMMA = YES;
				CLANG_WARN_CONSTANT_CONVERSION = YES;
				CLANG_WARN_DEPRECATED_OBJC_IMPLEMENTATIONS = YES;
				CLANG_WARN_DIRECT_OBJC_ISA_USAGE = YES_ERROR;
				CLANG_WARN_DOCUMENTATION_COMMENTS = YES;
				CLANG_WARN_EMPTY_BODY = YES;
				CLANG_WARN_ENUM_CONVERSION = YES;
				CLANG_WARN_INFINITE_RECURSION = YES;
				CLANG_WARN_INT_CONVERSION = YES;
				CLANG_WARN_NON_LITERAL_NULL_CONVERSION = YES;
				CLANG_WARN_OBJC_IMPLICIT_RETAIN_SELF = YES;
				CLANG_WARN_OBJC_LITERAL_CONVERSION = YES;
				CLANG_WARN_OBJC_ROOT_CLASS = YES_ERROR;
				CLANG_WARN_QUOTED_INCLUDE_IN_FRAMEWORK_HEADER = YES;
				CLANG_WARN_RANGE_LOOP_ANALYSIS = YES;
				CLANG_WARN_STRICT_PROTOTYPES = YES;
				CLANG_WARN_SUSPICIOUS_MOVE = YES;
				CLANG_WARN_UNGUARDED_AVAILABILITY = YES_AGGRESSIVE;
				CLANG_WARN_UNREACHABLE_CODE = YES;
				CLANG_WARN__DUPLICATE_METHOD_MATCH = YES;
				COPY_PHASE_STRIP = NO;
				DEBUG_INFORMATION_FORMAT = dwarf;
				ENABLE_STRICT_OBJC_MSGSEND = YES;
				ENABLE_TESTABILITY = YES;
				GCC_C_LANGUAGE_STANDARD = gnu11;
				GCC_DYNAMIC_NO_PIC = NO;
				GCC_NO_COMMON_BLOCKS = YES;
				GCC_OPTIMIZATION_LEVEL = 0;
				GCC_PREPROCESSOR_DEFINITIONS = (
					"DEBUG=1",
					"$(inherited)",
				);
				GCC_WARN_64_TO_32_BIT_CONVERSION = YES;
				GCC_WARN_ABOUT_RETURN_TYPE = YES_ERROR;
				GCC_WARN_UNDECLARED_SELECTOR = YES;
				GCC_WARN_UNINITIALIZED_AUTOS = YES_AGGRESSIVE;
				GCC_WARN_UNUSED_FUNCTION = YES;
				GCC_WARN_UNUSED_VARIABLE = YES;
				IPHONEOS_DEPLOYMENT_TARGET = 16.0;
				MTL_ENABLE_DEBUG_INFO = INCLUDE_SOURCE;
				MTL_FAST_MATH = YES;
				ONLY_ACTIVE_ARCH = YES;
				SDKROOT = iphoneos;
				SWIFT_ACTIVE_COMPILATION_CONDITIONS = DEBUG;
				SWIFT_OPTIMIZATION_LEVEL = "-Onone";
			};
			name = Debug;
		};
		F0E067BE28F9FBD00091034E /* Release */ = {
			isa = XCBuildConfiguration;
			buildSettings = {
				ALWAYS_SEARCH_USER_PATHS = NO;
				CLANG_ANALYZER_NONNULL = YES;
				CLANG_ANALYZER_NUMBER_OBJECT_CONVERSION = YES_AGGRESSIVE;
				CLANG_CXX_LANGUAGE_STANDARD = "gnu++20";
				CLANG_ENABLE_MODULES = YES;
				CLANG_ENABLE_OBJC_ARC = YES;
				CLANG_ENABLE_OBJC_WEAK = YES;
				CLANG_WARN_BLOCK_CAPTURE_AUTORELEASING = YES;
				CLANG_WARN_BOOL_CONVERSION = YES;
				CLANG_WARN_COMMA = YES;
				CLANG_WARN_CONSTANT_CONVERSION = YES;
				CLANG_WARN_DEPRECATED_OBJC_IMPLEMENTATIONS = YES;
				CLANG_WARN_DIRECT_OBJC_ISA_USAGE = YES_ERROR;
				CLANG_WARN_DOCUMENTATION_COMMENTS = YES;
				CLANG_WARN_EMPTY_BODY = YES;
				CLANG_WARN_ENUM_CONVERSION = YES;
				CLANG_WARN_INFINITE_RECURSION = YES;
				CLANG_WARN_INT_CONVERSION = YES;
				CLANG_WARN_NON_LITERAL_NULL_CONVERSION = YES;
				CLANG_WARN_OBJC_IMPLICIT_RETAIN_SELF = YES;
				CLANG_WARN_OBJC_LITERAL_CONVERSION = YES;
				CLANG_WARN_OBJC_ROOT_CLASS = YES_ERROR;
				CLANG_WARN_QUOTED_INCLUDE_IN_FRAMEWORK_HEADER = YES;
				CLANG_WARN_RANGE_LOOP_ANALYSIS = YES;
				CLANG_WARN_STRICT_PROTOTYPES = YES;
				CLANG_WARN_SUSPICIOUS_MOVE = YES;
				CLANG_WARN_UNGUARDED_AVAILABILITY = YES_AGGRESSIVE;
				CLANG_WARN_UNREACHABLE_CODE = YES;
				CLANG_WARN__DUPLICATE_METHOD_MATCH = YES;
				COPY_PHASE_STRIP = NO;
				DEBUG_INFORMATION_FORMAT = "dwarf-with-dsym";
				ENABLE_NS_ASSERTIONS = NO;
				ENABLE_STRICT_OBJC_MSGSEND = YES;
				GCC_C_LANGUAGE_STANDARD = gnu11;
				GCC_NO_COMMON_BLOCKS = YES;
				GCC_WARN_64_TO_32_BIT_CONVERSION = YES;
				GCC_WARN_ABOUT_RETURN_TYPE = YES_ERROR;
				GCC_WARN_UNDECLARED_SELECTOR = YES;
				GCC_WARN_UNINITIALIZED_AUTOS = YES_AGGRESSIVE;
				GCC_WARN_UNUSED_FUNCTION = YES;
				GCC_WARN_UNUSED_VARIABLE = YES;
				IPHONEOS_DEPLOYMENT_TARGET = 16.0;
				MTL_ENABLE_DEBUG_INFO = NO;
				MTL_FAST_MATH = YES;
				SDKROOT = iphoneos;
				SWIFT_COMPILATION_MODE = wholemodule;
				SWIFT_OPTIMIZATION_LEVEL = "-O";
				VALIDATE_PRODUCT = YES;
			};
			name = Release;
		};
		F0E067C028F9FBD00091034E /* Debug */ = {
			isa = XCBuildConfiguration;
			buildSettings = {
				ASSETCATALOG_COMPILER_APPICON_NAME = AppIcon;
				ASSETCATALOG_COMPILER_GLOBAL_ACCENT_COLOR_NAME = AccentColor;
				CODE_SIGN_STYLE = Automatic;
				CURRENT_PROJECT_VERSION = 1;
				GENERATE_INFOPLIST_FILE = YES;
				INFOPLIST_FILE = "instragram-t/Info.plist";
				INFOPLIST_KEY_UIApplicationSupportsIndirectInputEvents = YES;
				INFOPLIST_KEY_UILaunchStoryboardName = LaunchScreen;
				INFOPLIST_KEY_UIMainStoryboardFile = Main;
				INFOPLIST_KEY_UISupportedInterfaceOrientations_iPad = "UIInterfaceOrientationPortrait UIInterfaceOrientationPortraitUpsideDown UIInterfaceOrientationLandscapeLeft UIInterfaceOrientationLandscapeRight";
				INFOPLIST_KEY_UISupportedInterfaceOrientations_iPhone = "UIInterfaceOrientationPortrait UIInterfaceOrientationLandscapeLeft UIInterfaceOrientationLandscapeRight";
				LD_RUNPATH_SEARCH_PATHS = (
					"$(inherited)",
					"@executable_path/Frameworks",
				);
				MARKETING_VERSION = 1.0;
				PRODUCT_BUNDLE_IDENTIFIER = "t.com.instragram-t";
				PRODUCT_NAME = "$(TARGET_NAME)";
				SWIFT_EMIT_LOC_STRINGS = YES;
				SWIFT_VERSION = 5.0;
				TARGETED_DEVICE_FAMILY = "1,2";
			};
			name = Debug;
		};
		F0E067C128F9FBD00091034E /* Release */ = {
			isa = XCBuildConfiguration;
			buildSettings = {
				ASSETCATALOG_COMPILER_APPICON_NAME = AppIcon;
				ASSETCATALOG_COMPILER_GLOBAL_ACCENT_COLOR_NAME = AccentColor;
				CODE_SIGN_STYLE = Automatic;
				CURRENT_PROJECT_VERSION = 1;
				GENERATE_INFOPLIST_FILE = YES;
				INFOPLIST_FILE = "instragram-t/Info.plist";
				INFOPLIST_KEY_UIApplicationSupportsIndirectInputEvents = YES;
				INFOPLIST_KEY_UILaunchStoryboardName = LaunchScreen;
				INFOPLIST_KEY_UIMainStoryboardFile = Main;
				INFOPLIST_KEY_UISupportedInterfaceOrientations_iPad = "UIInterfaceOrientationPortrait UIInterfaceOrientationPortraitUpsideDown UIInterfaceOrientationLandscapeLeft UIInterfaceOrientationLandscapeRight";
				INFOPLIST_KEY_UISupportedInterfaceOrientations_iPhone = "UIInterfaceOrientationPortrait UIInterfaceOrientationLandscapeLeft UIInterfaceOrientationLandscapeRight";
				LD_RUNPATH_SEARCH_PATHS = (
					"$(inherited)",
					"@executable_path/Frameworks",
				);
				MARKETING_VERSION = 1.0;
				PRODUCT_BUNDLE_IDENTIFIER = "t.com.instragram-t";
				PRODUCT_NAME = "$(TARGET_NAME)";
				SWIFT_EMIT_LOC_STRINGS = YES;
				SWIFT_VERSION = 5.0;
				TARGETED_DEVICE_FAMILY = "1,2";
			};
			name = Release;
		};
/* End XCBuildConfiguration section */

/* Begin XCConfigurationList section */
		F0E067A628F9FBCF0091034E /* Build configuration list for PBXProject "instragram-t" */ = {
			isa = XCConfigurationList;
			buildConfigurations = (
				F0E067BD28F9FBD00091034E /* Debug */,
				F0E067BE28F9FBD00091034E /* Release */,
			);
			defaultConfigurationIsVisible = 0;
			defaultConfigurationName = Release;
		};
		F0E067BF28F9FBD00091034E /* Build configuration list for PBXNativeTarget "instragram-t" */ = {
			isa = XCConfigurationList;
			buildConfigurations = (
				F0E067C028F9FBD00091034E /* Debug */,
				F0E067C128F9FBD00091034E /* Release */,
			);
			defaultConfigurationIsVisible = 0;
			defaultConfigurationName = Release;
		};
/* End XCConfigurationList section */

/* Begin XCRemoteSwiftPackageReference section */
		3B877008290D8BBB0080768B /* XCRemoteSwiftPackageReference "firebase-ios-sdk" */ = {
			isa = XCRemoteSwiftPackageReference;
			repositoryURL = "https://github.com/firebase/firebase-ios-sdk";
			requirement = {
				kind = upToNextMajorVersion;
				minimumVersion = 9.0.0;
			};
		};
/* End XCRemoteSwiftPackageReference section */

/* Begin XCSwiftPackageProductDependency section */
		3B877009290D8BBB0080768B /* FirebaseAuth */ = {
			isa = XCSwiftPackageProductDependency;
			package = 3B877008290D8BBB0080768B /* XCRemoteSwiftPackageReference "firebase-ios-sdk" */;
			productName = FirebaseAuth;
		};
		3B87700B290D8BBB0080768B /* FirebaseDatabase */ = {
			isa = XCSwiftPackageProductDependency;
			package = 3B877008290D8BBB0080768B /* XCRemoteSwiftPackageReference "firebase-ios-sdk" */;
			productName = FirebaseDatabase;
		};
		3B87700D290D8BBB0080768B /* FirebaseFirestore */ = {
			isa = XCSwiftPackageProductDependency;
			package = 3B877008290D8BBB0080768B /* XCRemoteSwiftPackageReference "firebase-ios-sdk" */;
			productName = FirebaseFirestore;
		};
		3B87700F290D8BBB0080768B /* FirebaseStorage */ = {
			isa = XCSwiftPackageProductDependency;
			package = 3B877008290D8BBB0080768B /* XCRemoteSwiftPackageReference "firebase-ios-sdk" */;
			productName = FirebaseStorage;
		};
/* End XCSwiftPackageProductDependency section */
	};
	rootObject = F0E067A328F9FBCF0091034E /* Project object */;
}
